
Microsoft Visual Studio Solution File, Format Version 12.00
# Visual Studio Version 17
VisualStudioVersion = 17.11.35327.3
MinimumVisualStudioVersion = 10.0.40219.1
Project("{FAE04EC0-301F-11D3-BF4B-00C04F79EFBC}") = "ProdutosAPI", "ProdutosAPI.csproj", "{B2898316-6C8F-472E-A501-7628C9299F08}"
EndProject
Global
	GlobalSection(SolutionConfigurationPlatforms) = preSolution
		Debug|Any CPU = Debug|Any CPU
		Release|Any CPU = Release|Any CPU
	EndGlobalSection
	GlobalSection(ProjectConfigurationPlatforms) = postSolution
		{B2898316-6C8F-472E-A501-7628C9299F08}.Debug|Any CPU.ActiveCfg = Debug|Any CPU
		{B2898316-6C8F-472E-A501-7628C9299F08}.Debug|Any CPU.Build.0 = Debug|Any CPU
		{B2898316-6C8F-472E-A501-7628C9299F08}.Release|Any CPU.ActiveCfg = Release|Any CPU
		{B2898316-6C8F-472E-A501-7628C9299F08}.Release|Any CPU.Build.0 = Release|Any CPU
	EndGlobalSection
	GlobalSection(SolutionProperties) = preSolution
		HideSolutionNode = FALSE
	EndGlobalSection
	GlobalSection(ExtensibilityGlobals) = postSolution
		SolutionGuid = {47C291ED-5429-4164-B8B7-C1B35B0C19AA}
	EndGlobalSection
EndGlobal
